{
  "name": "conrec-wasm",
  "version": "1.0.0",
  "lockfileVersion": 3,
  "requires": true,
  "packages": {
    "": {
      "name": "conrec-wasm",
      "version": "1.0.0",
      "license": "ISC",
      "dependencies": {
        "conrec-wasm": "file:../pkg"
      }
    },
    "../pkg": {
      "name": "conrec-wasm",
      "version": "0.1.0"
    },
    "node_modules/conrec-wasm": {
      "resolved": "../pkg",
      "link": true
    }
  }
}
